
Microsoft Visual Studio Solution File, Format Version 12.00
# Visual Studio Version 17
VisualStudioVersion = 17.2.32526.322
MinimumVisualStudioVersion = 10.0.40219.1
Project("{888888A0-9F3D-457C-B088-3A5042F75D52}") = "RandomSayiBulma", "RandomSayiBulma\RandomSayiBulma.pyproj", "{E0984D74-0792-47AA-B5A2-940BCEA6AE28}"
EndProject
Global
	GlobalSection(SolutionConfigurationPlatforms) = preSolution
		Debug|Any CPU = Debug|Any CPU
		Release|Any CPU = Release|Any CPU
	EndGlobalSection
	GlobalSection(ProjectConfigurationPlatforms) = postSolution
		{E0984D74-0792-47AA-B5A2-940BCEA6AE28}.Debug|Any CPU.ActiveCfg = Debug|Any CPU
		{E0984D74-0792-47AA-B5A2-940BCEA6AE28}.Release|Any CPU.ActiveCfg = Release|Any CPU
	EndGlobalSection
	GlobalSection(SolutionProperties) = preSolution
		HideSolutionNode = FALSE
	EndGlobalSection
	GlobalSection(ExtensibilityGlobals) = postSolution
		SolutionGuid = {3076FDE5-566E-4E75-8436-FAE49AC03A5F}
	EndGlobalSection
EndGlobal
